PODS:
  - KeychainAccess (4.2.1)
  - NimbleLocalAuthentication (1.0.1):
    - KeychainAccess

DEPENDENCIES:
  - NimbleLocalAuthentication (from `../`)

SPEC REPOS:
  trunk:
    - KeychainAccess

EXTERNAL SOURCES:
  NimbleLocalAuthentication:
    :path: "../"

SPEC CHECKSUMS:
  KeychainAccess: 9b07f665298d13c3a85881bd3171f6f49b8151c1
  NimbleLocalAuthentication: d8c40502b49b2936b88cd4315ba56ccf8335ee3f

PODFILE CHECKSUM: 29661ccb6961d9fa84a230256913b88059c98450

COCOAPODS: 1.10.1
