PODS:
  - NimbleLocalAuthentication (0.1.0)

DEPENDENCIES:
  - NimbleLocalAuthentication (from `../`)

EXTERNAL SOURCES:
  NimbleLocalAuthentication:
    :path: "../"

SPEC CHECKSUMS:
  NimbleLocalAuthentication: 9797b9e2d67aab08cc857c7f0e9a8b6440c40a15

PODFILE CHECKSUM: 29661ccb6961d9fa84a230256913b88059c98450

COCOAPODS: 1.10.1
