// !$*UTF8*$!
{
	archiveVersion = 1;
	classes = {
	};
	objectVersion = 51;
	objects = {

/* Begin PBXBuildFile section */
		9000626B25B03C8800881EB6 /* TextField.swift in Sources */ = {isa = PBXBuildFile; fileRef = 9000626A25B03C8800881EB6 /* TextField.swift */; };
		902F635D25AEE284005CA468 /* README.md in Resources */ = {isa = PBXBuildFile; fileRef = 902F635C25AEE284005CA468 /* README.md */; };
		902F637825AEE855005CA468 /* ExampleTests.swift in Sources */ = {isa = PBXBuildFile; fileRef = 902F637725AEE855005CA468 /* ExampleTests.swift */; };
		90353B6425B1A37600F7BA89 /* LoginModule.swift in Sources */ = {isa = PBXBuildFile; fileRef = 90353B6325B1A37600F7BA89 /* LoginModule.swift */; };
		90353B6825B1A38000F7BA89 /* LoginViewModel.swift in Sources */ = {isa = PBXBuildFile; fileRef = 90353B6725B1A38000F7BA89 /* LoginViewModel.swift */; };
		90CB953825AEB5780075DB4A /* AppDelegate.swift in Sources */ = {isa = PBXBuildFile; fileRef = 90CB953725AEB5780075DB4A /* AppDelegate.swift */; };
		90CB953A25AEB5780075DB4A /* SceneDelegate.swift in Sources */ = {isa = PBXBuildFile; fileRef = 90CB953925AEB5780075DB4A /* SceneDelegate.swift */; };
		90CB953C25AEB5780075DB4A /* LoginViewController.swift in Sources */ = {isa = PBXBuildFile; fileRef = 90CB953B25AEB5780075DB4A /* LoginViewController.swift */; };
		90CB954125AEB57B0075DB4A /* Assets.xcassets in Resources */ = {isa = PBXBuildFile; fileRef = 90CB954025AEB57B0075DB4A /* Assets.xcassets */; };
		90CB954425AEB57B0075DB4A /* LaunchScreen.storyboard in Resources */ = {isa = PBXBuildFile; fileRef = 90CB954225AEB57B0075DB4A /* LaunchScreen.storyboard */; };
		BD0F6E0FDE1681C8A9AC4773 /* Pods_Example.framework in Frameworks */ = {isa = PBXBuildFile; fileRef = F346CA798244DAA6AE751F30 /* Pods_Example.framework */; };
/* End PBXBuildFile section */

/* Begin PBXContainerItemProxy section */
		902F637A25AEE855005CA468 /* PBXContainerItemProxy */ = {
			isa = PBXContainerItemProxy;
			containerPortal = 90CB952C25AEB5780075DB4A /* Project object */;
			proxyType = 1;
			remoteGlobalIDString = 90CB953325AEB5780075DB4A;
			remoteInfo = Example;
		};
/* End PBXContainerItemProxy section */

/* Begin PBXFileReference section */
		21A98E88180E94304090C7FD /* Pods-Example.debug.xcconfig */ = {isa = PBXFileReference; includeInIndex = 1; lastKnownFileType = text.xcconfig; name = "Pods-Example.debug.xcconfig"; path = "Target Support Files/Pods-Example/Pods-Example.debug.xcconfig"; sourceTree = "<group>"; };
		9000626A25B03C8800881EB6 /* TextField.swift */ = {isa = PBXFileReference; lastKnownFileType = sourcecode.swift; path = TextField.swift; sourceTree = "<group>"; };
		902F635C25AEE284005CA468 /* README.md */ = {isa = PBXFileReference; fileEncoding = 4; lastKnownFileType = net.daringfireball.markdown; name = README.md; path = ../../README.md; sourceTree = "<group>"; };
		902F637525AEE855005CA468 /* ExampleTests.xctest */ = {isa = PBXFileReference; explicitFileType = wrapper.cfbundle; includeInIndex = 0; path = ExampleTests.xctest; sourceTree = BUILT_PRODUCTS_DIR; };
		902F637725AEE855005CA468 /* ExampleTests.swift */ = {isa = PBXFileReference; lastKnownFileType = sourcecode.swift; path = ExampleTests.swift; sourceTree = "<group>"; };
		902F637925AEE855005CA468 /* Info.plist */ = {isa = PBXFileReference; lastKnownFileType = text.plist.xml; path = Info.plist; sourceTree = "<group>"; };
		90353B6325B1A37600F7BA89 /* LoginModule.swift */ = {isa = PBXFileReference; lastKnownFileType = sourcecode.swift; path = LoginModule.swift; sourceTree = "<group>"; };
		90353B6725B1A38000F7BA89 /* LoginViewModel.swift */ = {isa = PBXFileReference; lastKnownFileType = sourcecode.swift; path = LoginViewModel.swift; sourceTree = "<group>"; };
		90CB953425AEB5780075DB4A /* Example.app */ = {isa = PBXFileReference; explicitFileType = wrapper.application; includeInIndex = 0; path = Example.app; sourceTree = BUILT_PRODUCTS_DIR; };
		90CB953725AEB5780075DB4A /* AppDelegate.swift */ = {isa = PBXFileReference; lastKnownFileType = sourcecode.swift; path = AppDelegate.swift; sourceTree = "<group>"; };
		90CB953925AEB5780075DB4A /* SceneDelegate.swift */ = {isa = PBXFileReference; lastKnownFileType = sourcecode.swift; path = SceneDelegate.swift; sourceTree = "<group>"; };
		90CB953B25AEB5780075DB4A /* LoginViewController.swift */ = {isa = PBXFileReference; lastKnownFileType = sourcecode.swift; path = LoginViewController.swift; sourceTree = "<group>"; };
		90CB954025AEB57B0075DB4A /* Assets.xcassets */ = {isa = PBXFileReference; lastKnownFileType = folder.assetcatalog; path = Assets.xcassets; sourceTree = "<group>"; };
		90CB954325AEB57B0075DB4A /* Base */ = {isa = PBXFileReference; lastKnownFileType = file.storyboard; name = Base; path = Base.lproj/LaunchScreen.storyboard; sourceTree = "<group>"; };
		90CB954525AEB57B0075DB4A /* Info.plist */ = {isa = PBXFileReference; lastKnownFileType = text.plist.xml; path = Info.plist; sourceTree = "<group>"; };
		E5B91F272D9D07C146138DF9 /* Pods-Example.release.xcconfig */ = {isa = PBXFileReference; includeInIndex = 1; lastKnownFileType = text.xcconfig; name = "Pods-Example.release.xcconfig"; path = "Target Support Files/Pods-Example/Pods-Example.release.xcconfig"; sourceTree = "<group>"; };
		F346CA798244DAA6AE751F30 /* Pods_Example.framework */ = {isa = PBXFileReference; explicitFileType = wrapper.framework; includeInIndex = 0; path = Pods_Example.framework; sourceTree = BUILT_PRODUCTS_DIR; };
/* End PBXFileReference section */

/* Begin PBXFrameworksBuildPhase section */
		902F637225AEE855005CA468 /* Frameworks */ = {
			isa = PBXFrameworksBuildPhase;
			buildActionMask = 2147483647;
			files = (
			);
			runOnlyForDeploymentPostprocessing = 0;
		};
		90CB953125AEB5780075DB4A /* Frameworks */ = {
			isa = PBXFrameworksBuildPhase;
			buildActionMask = 2147483647;
			files = (
				BD0F6E0FDE1681C8A9AC4773 /* Pods_Example.framework in Frameworks */,
			);
			runOnlyForDeploymentPostprocessing = 0;
		};
/* End PBXFrameworksBuildPhase section */

/* Begin PBXGroup section */
		1F099E86C452D40978F4D567 /* Frameworks */ = {
			isa = PBXGroup;
			children = (
				F346CA798244DAA6AE751F30 /* Pods_Example.framework */,
			);
			name = Frameworks;
			sourceTree = "<group>";
		};
		88763504736C00FBA9F2BB9A /* Pods */ = {
			isa = PBXGroup;
			children = (
				21A98E88180E94304090C7FD /* Pods-Example.debug.xcconfig */,
				E5B91F272D9D07C146138DF9 /* Pods-Example.release.xcconfig */,
			);
			path = Pods;
			sourceTree = "<group>";
		};
		902F635B25AEE259005CA468 /* Sources */ = {
			isa = PBXGroup;
			children = (
				902F635F25AEE2D5005CA468 /* Application */,
				902F636325AEE30A005CA468 /* Modules */,
				902F636425AEE310005CA468 /* Views */,
			);
			path = Sources;
			sourceTree = "<group>";
		};
		902F635F25AEE2D5005CA468 /* Application */ = {
			isa = PBXGroup;
			children = (
				902F636025AEE2DC005CA468 /* AppDelegate */,
				902F636225AEE2F1005CA468 /* Resources */,
				902F636125AEE2E2005CA468 /* SceneDelegate */,
				902F636725AEE352005CA468 /* Support */,
			);
			path = Application;
			sourceTree = "<group>";
		};
		902F636025AEE2DC005CA468 /* AppDelegate */ = {
			isa = PBXGroup;
			children = (
				90CB953725AEB5780075DB4A /* AppDelegate.swift */,
			);
			path = AppDelegate;
			sourceTree = "<group>";
		};
		902F636125AEE2E2005CA468 /* SceneDelegate */ = {
			isa = PBXGroup;
			children = (
				90CB953925AEB5780075DB4A /* SceneDelegate.swift */,
			);
			path = SceneDelegate;
			sourceTree = "<group>";
		};
		902F636225AEE2F1005CA468 /* Resources */ = {
			isa = PBXGroup;
			children = (
				90CB954225AEB57B0075DB4A /* LaunchScreen.storyboard */,
				90CB954025AEB57B0075DB4A /* Assets.xcassets */,
			);
			path = Resources;
			sourceTree = "<group>";
		};
		902F636325AEE30A005CA468 /* Modules */ = {
			isa = PBXGroup;
			children = (
				90353B7025B2061400F7BA89 /* Home */,
				902F636525AEE31C005CA468 /* Login */,
			);
			path = Modules;
			sourceTree = "<group>";
		};
		902F636425AEE310005CA468 /* Views */ = {
			isa = PBXGroup;
			children = (
				9000626A25B03C8800881EB6 /* TextField.swift */,
			);
			path = Views;
			sourceTree = "<group>";
		};
		902F636525AEE31C005CA468 /* Login */ = {
			isa = PBXGroup;
			children = (
				90353B6325B1A37600F7BA89 /* LoginModule.swift */,
				90CB953B25AEB5780075DB4A /* LoginViewController.swift */,
				90353B6725B1A38000F7BA89 /* LoginViewModel.swift */,
			);
			path = Login;
			sourceTree = "<group>";
		};
		902F636725AEE352005CA468 /* Support */ = {
			isa = PBXGroup;
			children = (
				90CB954525AEB57B0075DB4A /* Info.plist */,
			);
			path = Support;
			sourceTree = "<group>";
		};
		902F637625AEE855005CA468 /* ExampleTests */ = {
			isa = PBXGroup;
			children = (
				902F637725AEE855005CA468 /* ExampleTests.swift */,
				902F637925AEE855005CA468 /* Info.plist */,
			);
			path = ExampleTests;
			sourceTree = "<group>";
		};
		90353B7025B2061400F7BA89 /* Home */ = {
			isa = PBXGroup;
			children = (
			);
			path = Home;
			sourceTree = "<group>";
		};
		90CB952B25AEB5780075DB4A = {
			isa = PBXGroup;
			children = (
				90CB953625AEB5780075DB4A /* Example */,
				902F637625AEE855005CA468 /* ExampleTests */,
				90CB953525AEB5780075DB4A /* Products */,
				88763504736C00FBA9F2BB9A /* Pods */,
				1F099E86C452D40978F4D567 /* Frameworks */,
			);
			sourceTree = "<group>";
		};
		90CB953525AEB5780075DB4A /* Products */ = {
			isa = PBXGroup;
			children = (
				90CB953425AEB5780075DB4A /* Example.app */,
				902F637525AEE855005CA468 /* ExampleTests.xctest */,
			);
			name = Products;
			sourceTree = "<group>";
		};
		90CB953625AEB5780075DB4A /* Example */ = {
			isa = PBXGroup;
			children = (
				902F635C25AEE284005CA468 /* README.md */,
				902F635B25AEE259005CA468 /* Sources */,
			);
			path = Example;
			sourceTree = "<group>";
		};
/* End PBXGroup section */

/* Begin PBXNativeTarget section */
		902F637425AEE855005CA468 /* ExampleTests */ = {
			isa = PBXNativeTarget;
			buildConfigurationList = 902F637E25AEE855005CA468 /* Build configuration list for PBXNativeTarget "ExampleTests" */;
			buildPhases = (
				902F637125AEE855005CA468 /* Sources */,
				902F637225AEE855005CA468 /* Frameworks */,
				902F637325AEE855005CA468 /* Resources */,
			);
			buildRules = (
			);
			dependencies = (
				902F637B25AEE855005CA468 /* PBXTargetDependency */,
			);
			name = ExampleTests;
			productName = ExampleTests;
			productReference = 902F637525AEE855005CA468 /* ExampleTests.xctest */;
			productType = "com.apple.product-type.bundle.unit-test";
		};
		90CB953325AEB5780075DB4A /* Example */ = {
			isa = PBXNativeTarget;
			buildConfigurationList = 90CB954825AEB57B0075DB4A /* Build configuration list for PBXNativeTarget "Example" */;
			buildPhases = (
				E60FE5431B6483FF1FF065D3 /* [CP] Check Pods Manifest.lock */,
				90CB953025AEB5780075DB4A /* Sources */,
				90CB953125AEB5780075DB4A /* Frameworks */,
				90CB953225AEB5780075DB4A /* Resources */,
				AA6759A9D6FB1AE4915E6823 /* [CP] Embed Pods Frameworks */,
			);
			buildRules = (
			);
			dependencies = (
			);
			name = Example;
			productName = Example;
			productReference = 90CB953425AEB5780075DB4A /* Example.app */;
			productType = "com.apple.product-type.application";
		};
/* End PBXNativeTarget section */

/* Begin PBXProject section */
		90CB952C25AEB5780075DB4A /* Project object */ = {
			isa = PBXProject;
			attributes = {
				LastSwiftUpdateCheck = 1230;
				LastUpgradeCheck = 1230;
				TargetAttributes = {
					902F637425AEE855005CA468 = {
						CreatedOnToolsVersion = 12.3;
						TestTargetID = 90CB953325AEB5780075DB4A;
					};
					90CB953325AEB5780075DB4A = {
						CreatedOnToolsVersion = 12.3;
					};
				};
			};
			buildConfigurationList = 90CB952F25AEB5780075DB4A /* Build configuration list for PBXProject "Example" */;
			compatibilityVersion = "Xcode 9.3";
			developmentRegion = en;
			hasScannedForEncodings = 0;
			knownRegions = (
				en,
				Base,
			);
			mainGroup = 90CB952B25AEB5780075DB4A;
			productRefGroup = 90CB953525AEB5780075DB4A /* Products */;
			projectDirPath = "";
			projectRoot = "";
			targets = (
				90CB953325AEB5780075DB4A /* Example */,
				902F637425AEE855005CA468 /* ExampleTests */,
			);
		};
/* End PBXProject section */

/* Begin PBXResourcesBuildPhase section */
		902F637325AEE855005CA468 /* Resources */ = {
			isa = PBXResourcesBuildPhase;
			buildActionMask = 2147483647;
			files = (
			);
			runOnlyForDeploymentPostprocessing = 0;
		};
		90CB953225AEB5780075DB4A /* Resources */ = {
			isa = PBXResourcesBuildPhase;
			buildActionMask = 2147483647;
			files = (
				902F635D25AEE284005CA468 /* README.md in Resources */,
				90CB954425AEB57B0075DB4A /* LaunchScreen.storyboard in Resources */,
				90CB954125AEB57B0075DB4A /* Assets.xcassets in Resources */,
			);
			runOnlyForDeploymentPostprocessing = 0;
		};
/* End PBXResourcesBuildPhase section */

/* Begin PBXShellScriptBuildPhase section */
		AA6759A9D6FB1AE4915E6823 /* [CP] Embed Pods Frameworks */ = {
			isa = PBXShellScriptBuildPhase;
			buildActionMask = 2147483647;
			files = (
			);
			inputFileListPaths = (
				"${PODS_ROOT}/Target Support Files/Pods-Example/Pods-Example-frameworks-${CONFIGURATION}-input-files.xcfilelist",
			);
			name = "[CP] Embed Pods Frameworks";
			outputFileListPaths = (
				"${PODS_ROOT}/Target Support Files/Pods-Example/Pods-Example-frameworks-${CONFIGURATION}-output-files.xcfilelist",
			);
			runOnlyForDeploymentPostprocessing = 0;
			shellPath = /bin/sh;
			shellScript = "\"${PODS_ROOT}/Target Support Files/Pods-Example/Pods-Example-frameworks.sh\"\n";
			showEnvVarsInLog = 0;
		};
		E60FE5431B6483FF1FF065D3 /* [CP] Check Pods Manifest.lock */ = {
			isa = PBXShellScriptBuildPhase;
			buildActionMask = 2147483647;
			files = (
			);
			inputFileListPaths = (
			);
			inputPaths = (
				"${PODS_PODFILE_DIR_PATH}/Podfile.lock",
				"${PODS_ROOT}/Manifest.lock",
			);
			name = "[CP] Check Pods Manifest.lock";
			outputFileListPaths = (
			);
			outputPaths = (
				"$(DERIVED_FILE_DIR)/Pods-Example-checkManifestLockResult.txt",
			);
			runOnlyForDeploymentPostprocessing = 0;
			shellPath = /bin/sh;
			shellScript = "diff \"${PODS_PODFILE_DIR_PATH}/Podfile.lock\" \"${PODS_ROOT}/Manifest.lock\" > /dev/null\nif [ $? != 0 ] ; then\n    # print error to STDERR\n    echo \"error: The sandbox is not in sync with the Podfile.lock. Run 'pod install' or update your CocoaPods installation.\" >&2\n    exit 1\nfi\n# This output is used by Xcode 'outputs' to avoid re-running this script phase.\necho \"SUCCESS\" > \"${SCRIPT_OUTPUT_FILE_0}\"\n";
			showEnvVarsInLog = 0;
		};
/* End PBXShellScriptBuildPhase section */

/* Begin PBXSourcesBuildPhase section */
		902F637125AEE855005CA468 /* Sources */ = {
			isa = PBXSourcesBuildPhase;
			buildActionMask = 2147483647;
			files = (
				902F637825AEE855005CA468 /* ExampleTests.swift in Sources */,
			);
			runOnlyForDeploymentPostprocessing = 0;
		};
		90CB953025AEB5780075DB4A /* Sources */ = {
			isa = PBXSourcesBuildPhase;
			buildActionMask = 2147483647;
			files = (
				90CB953C25AEB5780075DB4A /* LoginViewController.swift in Sources */,
				90CB953825AEB5780075DB4A /* AppDelegate.swift in Sources */,
				90353B6825B1A38000F7BA89 /* LoginViewModel.swift in Sources */,
				90CB953A25AEB5780075DB4A /* SceneDelegate.swift in Sources */,
				90353B6425B1A37600F7BA89 /* LoginModule.swift in Sources */,
				9000626B25B03C8800881EB6 /* TextField.swift in Sources */,
			);
			runOnlyForDeploymentPostprocessing = 0;
		};
/* End PBXSourcesBuildPhase section */

/* Begin PBXTargetDependency section */
		902F637B25AEE855005CA468 /* PBXTargetDependency */ = {
			isa = PBXTargetDependency;
			target = 90CB953325AEB5780075DB4A /* Example */;
			targetProxy = 902F637A25AEE855005CA468 /* PBXContainerItemProxy */;
		};
/* End PBXTargetDependency section */

/* Begin PBXVariantGroup section */
		90CB954225AEB57B0075DB4A /* LaunchScreen.storyboard */ = {
			isa = PBXVariantGroup;
			children = (
				90CB954325AEB57B0075DB4A /* Base */,
			);
			name = LaunchScreen.storyboard;
			sourceTree = "<group>";
		};
/* End PBXVariantGroup section */

/* Begin XCBuildConfiguration section */
		902F637C25AEE855005CA468 /* Debug */ = {
			isa = XCBuildConfiguration;
			buildSettings = {
				BUNDLE_LOADER = "$(TEST_HOST)";
				CODE_SIGN_STYLE = Automatic;
				DEVELOPMENT_TEAM = W6VWBYHU5C;
				INFOPLIST_FILE = ExampleTests/Info.plist;
				IPHONEOS_DEPLOYMENT_TARGET = 13.0;
				LD_RUNPATH_SEARCH_PATHS = (
					"$(inherited)",
					"@executable_path/Frameworks",
					"@loader_path/Frameworks",
				);
				PRODUCT_BUNDLE_IDENTIFIER = "dev.suho.local-authentication.ExampleTests";
				PRODUCT_NAME = "$(TARGET_NAME)";
				SWIFT_VERSION = 5.0;
				TARGETED_DEVICE_FAMILY = "1,2";
				TEST_HOST = "$(BUILT_PRODUCTS_DIR)/Example.app/Example";
			};
			name = Debug;
		};
		902F637D25AEE855005CA468 /* Release */ = {
			isa = XCBuildConfiguration;
			buildSettings = {
				BUNDLE_LOADER = "$(TEST_HOST)";
				CODE_SIGN_STYLE = Automatic;
				DEVELOPMENT_TEAM = W6VWBYHU5C;
				INFOPLIST_FILE = ExampleTests/Info.plist;
				IPHONEOS_DEPLOYMENT_TARGET = 13.0;
				LD_RUNPATH_SEARCH_PATHS = (
					"$(inherited)",
					"@executable_path/Frameworks",
					"@loader_path/Frameworks",
				);
				PRODUCT_BUNDLE_IDENTIFIER = "dev.suho.local-authentication.ExampleTests";
				PRODUCT_NAME = "$(TARGET_NAME)";
				SWIFT_VERSION = 5.0;
				TARGETED_DEVICE_FAMILY = "1,2";
				TEST_HOST = "$(BUILT_PRODUCTS_DIR)/Example.app/Example";
			};
			name = Release;
		};
		90CB954625AEB57B0075DB4A /* Debug */ = {
			isa = XCBuildConfiguration;
			buildSettings = {
				ALWAYS_SEARCH_USER_PATHS = NO;
				CLANG_ANALYZER_NONNULL = YES;
				CLANG_ANALYZER_NUMBER_OBJECT_CONVERSION = YES_AGGRESSIVE;
				CLANG_CXX_LANGUAGE_STANDARD = "gnu++14";
				CLANG_CXX_LIBRARY = "libc++";
				CLANG_ENABLE_MODULES = YES;
				CLANG_ENABLE_OBJC_ARC = YES;
				CLANG_ENABLE_OBJC_WEAK = YES;
				CLANG_WARN_BLOCK_CAPTURE_AUTORELEASING = YES;
				CLANG_WARN_BOOL_CONVERSION = YES;
				CLANG_WARN_COMMA = YES;
				CLANG_WARN_CONSTANT_CONVERSION = YES;
				CLANG_WARN_DEPRECATED_OBJC_IMPLEMENTATIONS = YES;
				CLANG_WARN_DIRECT_OBJC_ISA_USAGE = YES_ERROR;
				CLANG_WARN_DOCUMENTATION_COMMENTS = YES;
				CLANG_WARN_EMPTY_BODY = YES;
				CLANG_WARN_ENUM_CONVERSION = YES;
				CLANG_WARN_INFINITE_RECURSION = YES;
				CLANG_WARN_INT_CONVERSION = YES;
				CLANG_WARN_NON_LITERAL_NULL_CONVERSION = YES;
				CLANG_WARN_OBJC_IMPLICIT_RETAIN_SELF = YES;
				CLANG_WARN_OBJC_LITERAL_CONVERSION = YES;
				CLANG_WARN_OBJC_ROOT_CLASS = YES_ERROR;
				CLANG_WARN_QUOTED_INCLUDE_IN_FRAMEWORK_HEADER = YES;
				CLANG_WARN_RANGE_LOOP_ANALYSIS = YES;
				CLANG_WARN_STRICT_PROTOTYPES = YES;
				CLANG_WARN_SUSPICIOUS_MOVE = YES;
				CLANG_WARN_UNGUARDED_AVAILABILITY = YES_AGGRESSIVE;
				CLANG_WARN_UNREACHABLE_CODE = YES;
				CLANG_WARN__DUPLICATE_METHOD_MATCH = YES;
				COPY_PHASE_STRIP = NO;
				DEBUG_INFORMATION_FORMAT = dwarf;
				ENABLE_STRICT_OBJC_MSGSEND = YES;
				ENABLE_TESTABILITY = YES;
				GCC_C_LANGUAGE_STANDARD = gnu11;
				GCC_DYNAMIC_NO_PIC = NO;
				GCC_NO_COMMON_BLOCKS = YES;
				GCC_OPTIMIZATION_LEVEL = 0;
				GCC_PREPROCESSOR_DEFINITIONS = (
					"DEBUG=1",
					"$(inherited)",
				);
				GCC_WARN_64_TO_32_BIT_CONVERSION = YES;
				GCC_WARN_ABOUT_RETURN_TYPE = YES_ERROR;
				GCC_WARN_UNDECLARED_SELECTOR = YES;
				GCC_WARN_UNINITIALIZED_AUTOS = YES_AGGRESSIVE;
				GCC_WARN_UNUSED_FUNCTION = YES;
				GCC_WARN_UNUSED_VARIABLE = YES;
				IPHONEOS_DEPLOYMENT_TARGET = 13.0;
				MTL_ENABLE_DEBUG_INFO = INCLUDE_SOURCE;
				MTL_FAST_MATH = YES;
				ONLY_ACTIVE_ARCH = YES;
				SDKROOT = iphoneos;
				SWIFT_ACTIVE_COMPILATION_CONDITIONS = DEBUG;
				SWIFT_OPTIMIZATION_LEVEL = "-Onone";
			};
			name = Debug;
		};
		90CB954725AEB57B0075DB4A /* Release */ = {
			isa = XCBuildConfiguration;
			buildSettings = {
				ALWAYS_SEARCH_USER_PATHS = NO;
				CLANG_ANALYZER_NONNULL = YES;
				CLANG_ANALYZER_NUMBER_OBJECT_CONVERSION = YES_AGGRESSIVE;
				CLANG_CXX_LANGUAGE_STANDARD = "gnu++14";
				CLANG_CXX_LIBRARY = "libc++";
				CLANG_ENABLE_MODULES = YES;
				CLANG_ENABLE_OBJC_ARC = YES;
				CLANG_ENABLE_OBJC_WEAK = YES;
				CLANG_WARN_BLOCK_CAPTURE_AUTORELEASING = YES;
				CLANG_WARN_BOOL_CONVERSION = YES;
				CLANG_WARN_COMMA = YES;
				CLANG_WARN_CONSTANT_CONVERSION = YES;
				CLANG_WARN_DEPRECATED_OBJC_IMPLEMENTATIONS = YES;
				CLANG_WARN_DIRECT_OBJC_ISA_USAGE = YES_ERROR;
				CLANG_WARN_DOCUMENTATION_COMMENTS = YES;
				CLANG_WARN_EMPTY_BODY = YES;
				CLANG_WARN_ENUM_CONVERSION = YES;
				CLANG_WARN_INFINITE_RECURSION = YES;
				CLANG_WARN_INT_CONVERSION = YES;
				CLANG_WARN_NON_LITERAL_NULL_CONVERSION = YES;
				CLANG_WARN_OBJC_IMPLICIT_RETAIN_SELF = YES;
				CLANG_WARN_OBJC_LITERAL_CONVERSION = YES;
				CLANG_WARN_OBJC_ROOT_CLASS = YES_ERROR;
				CLANG_WARN_QUOTED_INCLUDE_IN_FRAMEWORK_HEADER = YES;
				CLANG_WARN_RANGE_LOOP_ANALYSIS = YES;
				CLANG_WARN_STRICT_PROTOTYPES = YES;
				CLANG_WARN_SUSPICIOUS_MOVE = YES;
				CLANG_WARN_UNGUARDED_AVAILABILITY = YES_AGGRESSIVE;
				CLANG_WARN_UNREACHABLE_CODE = YES;
				CLANG_WARN__DUPLICATE_METHOD_MATCH = YES;
				COPY_PHASE_STRIP = NO;
				DEBUG_INFORMATION_FORMAT = "dwarf-with-dsym";
				ENABLE_NS_ASSERTIONS = NO;
				ENABLE_STRICT_OBJC_MSGSEND = YES;
				GCC_C_LANGUAGE_STANDARD = gnu11;
				GCC_NO_COMMON_BLOCKS = YES;
				GCC_WARN_64_TO_32_BIT_CONVERSION = YES;
				GCC_WARN_ABOUT_RETURN_TYPE = YES_ERROR;
				GCC_WARN_UNDECLARED_SELECTOR = YES;
				GCC_WARN_UNINITIALIZED_AUTOS = YES_AGGRESSIVE;
				GCC_WARN_UNUSED_FUNCTION = YES;
				GCC_WARN_UNUSED_VARIABLE = YES;
				IPHONEOS_DEPLOYMENT_TARGET = 13.0;
				MTL_ENABLE_DEBUG_INFO = NO;
				MTL_FAST_MATH = YES;
				SDKROOT = iphoneos;
				SWIFT_COMPILATION_MODE = wholemodule;
				SWIFT_OPTIMIZATION_LEVEL = "-O";
				VALIDATE_PRODUCT = YES;
			};
			name = Release;
		};
		90CB954925AEB57B0075DB4A /* Debug */ = {
			isa = XCBuildConfiguration;
			baseConfigurationReference = 21A98E88180E94304090C7FD /* Pods-Example.debug.xcconfig */;
			buildSettings = {
				ASSETCATALOG_COMPILER_APPICON_NAME = AppIcon;
				ASSETCATALOG_COMPILER_GLOBAL_ACCENT_COLOR_NAME = AccentColor;
				CODE_SIGN_STYLE = Automatic;
				DEVELOPMENT_TEAM = W6VWBYHU5C;
				INFOPLIST_FILE = Example/Sources/Application/Support/Info.plist;
				LD_RUNPATH_SEARCH_PATHS = (
					"$(inherited)",
					"@executable_path/Frameworks",
				);
				PRODUCT_BUNDLE_IDENTIFIER = "dev.suho.local-authentication.example";
				PRODUCT_NAME = "$(TARGET_NAME)";
				SWIFT_VERSION = 5.0;
				TARGETED_DEVICE_FAMILY = "1,2";
			};
			name = Debug;
		};
		90CB954A25AEB57B0075DB4A /* Release */ = {
			isa = XCBuildConfiguration;
			baseConfigurationReference = E5B91F272D9D07C146138DF9 /* Pods-Example.release.xcconfig */;
			buildSettings = {
				ASSETCATALOG_COMPILER_APPICON_NAME = AppIcon;
				ASSETCATALOG_COMPILER_GLOBAL_ACCENT_COLOR_NAME = AccentColor;
				CODE_SIGN_STYLE = Automatic;
				DEVELOPMENT_TEAM = W6VWBYHU5C;
				INFOPLIST_FILE = Example/Sources/Application/Support/Info.plist;
				LD_RUNPATH_SEARCH_PATHS = (
					"$(inherited)",
					"@executable_path/Frameworks",
				);
				PRODUCT_BUNDLE_IDENTIFIER = "dev.suho.local-authentication.example";
				PRODUCT_NAME = "$(TARGET_NAME)";
				SWIFT_VERSION = 5.0;
				TARGETED_DEVICE_FAMILY = "1,2";
			};
			name = Release;
		};
/* End XCBuildConfiguration section */

/* Begin XCConfigurationList section */
		902F637E25AEE855005CA468 /* Build configuration list for PBXNativeTarget "ExampleTests" */ = {
			isa = XCConfigurationList;
			buildConfigurations = (
				902F637C25AEE855005CA468 /* Debug */,
				902F637D25AEE855005CA468 /* Release */,
			);
			defaultConfigurationIsVisible = 0;
			defaultConfigurationName = Release;
		};
		90CB952F25AEB5780075DB4A /* Build configuration list for PBXProject "Example" */ = {
			isa = XCConfigurationList;
			buildConfigurations = (
				90CB954625AEB57B0075DB4A /* Debug */,
				90CB954725AEB57B0075DB4A /* Release */,
			);
			defaultConfigurationIsVisible = 0;
			defaultConfigurationName = Release;
		};
		90CB954825AEB57B0075DB4A /* Build configuration list for PBXNativeTarget "Example" */ = {
			isa = XCConfigurationList;
			buildConfigurations = (
				90CB954925AEB57B0075DB4A /* Debug */,
				90CB954A25AEB57B0075DB4A /* Release */,
			);
			defaultConfigurationIsVisible = 0;
			defaultConfigurationName = Release;
		};
/* End XCConfigurationList section */
	};
	rootObject = 90CB952C25AEB5780075DB4A /* Project object */;
}
